// !$*UTF8*$!
{
	archiveVersion = 1;
	classes = {
	};
	objectVersion = 56;
	objects = {

/* Begin PBXBuildFile section */
		140E4A48155C8421E3C2A688 /* ContentView.swift in Sources */ = {isa = PBXBuildFile; fileRef = 6198C7B5826977949AAEAD51 /* ContentView.swift */; };
		145A1268BB710BCC14DE109A /* Preview Assets.xcassets in Resources */ = {isa = PBXBuildFile; fileRef = D29EC68873E0D8E6A4A16803 /* Preview Assets.xcassets */; };
		19B8770B9916D6E868EBD84E /* buzz_appTests.swift in Sources */ = {isa = PBXBuildFile; fileRef = DC729F02BF8DAB3055A39BCD /* buzz_appTests.swift */; };
		A3DE819642EB419E9FCDE793 /* buzz_appApp.swift in Sources */ = {isa = PBXBuildFile; fileRef = 981C735ED8D40E39A6611395 /* buzz_appApp.swift */; };
		B4D4FD729073C3423BFDE1A1 /* Assets.xcassets in Resources */ = {isa = PBXBuildFile; fileRef = DC4F0C288E564A2CE3943854 /* Assets.xcassets */; };
/* End PBXBuildFile section */

/* Begin PBXContainerItemProxy section */
		F430A69FF778740C93930869 /* PBXContainerItemProxy */ = {
			isa = PBXContainerItemProxy;
			containerPortal = 6B61BE0A0310536038EEC54E /* Project object */;
			proxyType = 1;
			remoteGlobalIDString = E4461E07B3A77D9B525A9385;
			remoteInfo = "buzz-app";
		};
/* End PBXContainerItemProxy section */

/* Begin PBXFileReference section */
		26D968C4B6E9A29125DB37C0 /* buzz-app.app */ = {isa = PBXFileReference; explicitFileType = wrapper.application; includeInIndex = 0; path = "buzz-app.app"; sourceTree = BUILT_PRODUCTS_DIR; };
		6198C7B5826977949AAEAD51 /* ContentView.swift */ = {isa = PBXFileReference; lastKnownFileType = sourcecode.swift; path = ContentView.swift; sourceTree = "<group>"; };
		981C735ED8D40E39A6611395 /* buzz_appApp.swift */ = {isa = PBXFileReference; lastKnownFileType = sourcecode.swift; path = buzz_appApp.swift; sourceTree = "<group>"; };
		B5A00CF6CC881F599BB818F3 /* buzz-appTests.xctest */ = {isa = PBXFileReference; explicitFileType = wrapper.cfbundle; includeInIndex = 0; path = "buzz-appTests.xctest"; sourceTree = BUILT_PRODUCTS_DIR; };
		BE43CA0307117644A83FF4A7 /* buzz_app.entitlements */ = {isa = PBXFileReference; lastKnownFileType = text.plist.entitlements; path = buzz_app.entitlements; sourceTree = "<group>"; };
		C319C2C825C3A3F9C5A580CF /* Info.plist */ = {isa = PBXFileReference; lastKnownFileType = text.plist; path = Info.plist; sourceTree = "<group>"; };
		D29EC68873E0D8E6A4A16803 /* Preview Assets.xcassets */ = {isa = PBXFileReference; lastKnownFileType = folder.assetcatalog; path = "Preview Assets.xcassets"; sourceTree = "<group>"; };
		DC4F0C288E564A2CE3943854 /* Assets.xcassets */ = {isa = PBXFileReference; lastKnownFileType = folder.assetcatalog; path = Assets.xcassets; sourceTree = "<group>"; };
		DC729F02BF8DAB3055A39BCD /* buzz_appTests.swift */ = {isa = PBXFileReference; lastKnownFileType = sourcecode.swift; path = buzz_appTests.swift; sourceTree = "<group>"; };
/* End PBXFileReference section */

/* Begin PBXGroup section */
		045C347218A4E2514D942AAD /* buzz-appTests */ = {
			isa = PBXGroup;
			children = (
				DC729F02BF8DAB3055A39BCD /* buzz_appTests.swift */,
			);
			path = "buzz-appTests";
			sourceTree = "<group>";
		};
		2F891680CD4513CC2623ADAD /* Products */ = {
			isa = PBXGroup;
			children = (
				26D968C4B6E9A29125DB37C0 /* buzz-app.app */,
				B5A00CF6CC881F599BB818F3 /* buzz-appTests.xctest */,
			);
			name = Products;
			sourceTree = "<group>";
		};
		792443E55F85CEEBAF9FB93B /* buzz-app */ = {
			isa = PBXGroup;
			children = (
				F64408002CB3A2760008C44D /* Domain */,
				F64408012CB3A2A60008C44D /* Data */,
				F64408022CB3A2A70008C44D /* Presentation */,
				F64408032CB3A2A70008C44D /* Infrastructure */,
				F64408042CB3A2B80008C44D /* Resources */,
				F64408052CB3A2CC0008C44D /* Utilities */,
				DC4F0C288E564A2CE3943854 /* Assets.xcassets */,
				BE43CA0307117644A83FF4A7 /* buzz_app.entitlements */,
				981C735ED8D40E39A6611395 /* buzz_appApp.swift */,
				6198C7B5826977949AAEAD51 /* ContentView.swift */,
				C319C2C825C3A3F9C5A580CF /* Info.plist */,
				C47E5EA36FD84F90D0DA4A5C /* Preview Content */,
			);
			path = "buzz-app";
			sourceTree = "<group>";
		};
		C47E5EA36FD84F90D0DA4A5C /* Preview Content */ = {
			isa = PBXGroup;
			children = (
				D29EC68873E0D8E6A4A16803 /* Preview Assets.xcassets */,
			);
			path = "Preview Content";
			sourceTree = "<group>";
		};
		CDEB04B2DC707E585A8E32DA = {
			isa = PBXGroup;
			children = (
				792443E55F85CEEBAF9FB93B /* buzz-app */,
				045C347218A4E2514D942AAD /* buzz-appTests */,
				2F891680CD4513CC2623ADAD /* Products */,
			);
			sourceTree = "<group>";
		};
		F64408002CB3A2760008C44D /* Domain */ = {
			isa = PBXGroup;
			children = (
				F64408062CB3A2E80008C44D /* Entities */,
				F64408072CB3A2EF0008C44D /* UseCases */,
				F64408082CB3A2F00008C44D /* Protocols */,
			);
			path = Domain;
			sourceTree = "<group>";
		};
		F64408012CB3A2A60008C44D /* Data */ = {
			isa = PBXGroup;
			children = (
				F64408092CB3A2FE0008C44D /* Repositories */,
				F644080A2CB3A3050008C44D /* DataSources */,
				F644080B2CB3A3090008C44D /* Models */,
			);
			path = Data;
			sourceTree = "<group>";
		};
		F64408022CB3A2A70008C44D /* Presentation */ = {
			isa = PBXGroup;
			children = (
				F644080C2CB3A30E0008C44D /* Views */,
				F644080D2CB3A31B0008C44D /* ViewModels */,
				F644080E2CB3A31B0008C44D /* Coordinators */,
			);
			path = Presentation;
			sourceTree = "<group>";
		};
		F64408032CB3A2A70008C44D /* Infrastructure */ = {
			isa = PBXGroup;
			children = (
				F644080F2CB3A3220008C44D /* Networking */,
				F64408102CB3A32B0008C44D /* Persistence */,
				F64408112CB3A32F0008C44D /* Services */,
			);
			path = Infrastructure;
			sourceTree = "<group>";
		};
		F64408042CB3A2B80008C44D /* Resources */ = {
			isa = PBXGroup;
			children = (
			);
			path = Resources;
			sourceTree = "<group>";
		};
		F64408052CB3A2CC0008C44D /* Utilities */ = {
			isa = PBXGroup;
			children = (
			);
			path = Utilities;
			sourceTree = "<group>";
		};
		F64408062CB3A2E80008C44D /* Entities */ = {
			isa = PBXGroup;
			children = (
			);
			path = Entities;
			sourceTree = "<group>";
		};
		F64408072CB3A2EF0008C44D /* UseCases */ = {
			isa = PBXGroup;
			children = (
			);
			path = UseCases;
			sourceTree = "<group>";
		};
		F64408082CB3A2F00008C44D /* Protocols */ = {
			isa = PBXGroup;
			children = (
			);
			path = Protocols;
			sourceTree = "<group>";
		};
		F64408092CB3A2FE0008C44D /* Repositories */ = {
			isa = PBXGroup;
			children = (
			);
			path = Repositories;
			sourceTree = "<group>";
		};
		F644080A2CB3A3050008C44D /* DataSources */ = {
			isa = PBXGroup;
			children = (
			);
			path = DataSources;
			sourceTree = "<group>";
		};
		F644080B2CB3A3090008C44D /* Models */ = {
			isa = PBXGroup;
			children = (
			);
			path = Models;
			sourceTree = "<group>";
		};
		F644080C2CB3A30E0008C44D /* Views */ = {
			isa = PBXGroup;
			children = (
			);
			path = Views;
			sourceTree = "<group>";
		};
		F644080D2CB3A31B0008C44D /* ViewModels */ = {
			isa = PBXGroup;
			children = (
			);
			path = ViewModels;
			sourceTree = "<group>";
		};
		F644080E2CB3A31B0008C44D /* Coordinators */ = {
			isa = PBXGroup;
			children = (
			);
			path = Coordinators;
			sourceTree = "<group>";
		};
		F644080F2CB3A3220008C44D /* Networking */ = {
			isa = PBXGroup;
			children = (
			);
			path = Networking;
			sourceTree = "<group>";
		};
		F64408102CB3A32B0008C44D /* Persistence */ = {
			isa = PBXGroup;
			children = (
			);
			path = Persistence;
			sourceTree = "<group>";
		};
		F64408112CB3A32F0008C44D /* Services */ = {
			isa = PBXGroup;
			children = (
			);
			path = Services;
			sourceTree = "<group>";
		};
/* End PBXGroup section */

/* Begin PBXNativeTarget section */
		C1D9C0DB5F698DB827D5223F /* buzz-appTests */ = {
			isa = PBXNativeTarget;
			buildConfigurationList = F42AFA60475AAA1AD5B72105 /* Build configuration list for PBXNativeTarget "buzz-appTests" */;
			buildPhases = (
				2CB6D5CCC5D7FC52D76E25CD /* Sources */,
			);
			buildRules = (
			);
			dependencies = (
				F9CF01F005585A6FBDA11A8B /* PBXTargetDependency */,
			);
			name = "buzz-appTests";
			productName = "buzz-appTests";
			productReference = B5A00CF6CC881F599BB818F3 /* buzz-appTests.xctest */;
			productType = "com.apple.product-type.bundle.unit-test";
		};
		E4461E07B3A77D9B525A9385 /* buzz-app */ = {
			isa = PBXNativeTarget;
			buildConfigurationList = A73F09FB19FA4C58870ED8AF /* Build configuration list for PBXNativeTarget "buzz-app" */;
			buildPhases = (
				D37BD41072B4A5B75E82E613 /* Sources */,
				CDF8337D2260229D2D860DD2 /* Resources */,
			);
			buildRules = (
			);
			dependencies = (
			);
			name = "buzz-app";
			productName = "buzz-app";
			productReference = 26D968C4B6E9A29125DB37C0 /* buzz-app.app */;
			productType = "com.apple.product-type.application";
		};
/* End PBXNativeTarget section */

/* Begin PBXProject section */
		6B61BE0A0310536038EEC54E /* Project object */ = {
			isa = PBXProject;
			attributes = {
				BuildIndependentTargetsInParallel = YES;
				LastUpgradeCheck = 1430;
			};
			buildConfigurationList = D9664457FE2C38F707BED8CE /* Build configuration list for PBXProject "buzz-app" */;
			compatibilityVersion = "Xcode 14.0";
			developmentRegion = en;
			hasScannedForEncodings = 0;
			knownRegions = (
				Base,
				en,
			);
			mainGroup = CDEB04B2DC707E585A8E32DA;
			projectDirPath = "";
			projectRoot = "";
			targets = (
				E4461E07B3A77D9B525A9385 /* buzz-app */,
				C1D9C0DB5F698DB827D5223F /* buzz-appTests */,
			);
		};
/* End PBXProject section */

/* Begin PBXResourcesBuildPhase section */
		CDF8337D2260229D2D860DD2 /* Resources */ = {
			isa = PBXResourcesBuildPhase;
			buildActionMask = 2147483647;
			files = (
				B4D4FD729073C3423BFDE1A1 /* Assets.xcassets in Resources */,
				145A1268BB710BCC14DE109A /* Preview Assets.xcassets in Resources */,
			);
			runOnlyForDeploymentPostprocessing = 0;
		};
/* End PBXResourcesBuildPhase section */

/* Begin PBXSourcesBuildPhase section */
		2CB6D5CCC5D7FC52D76E25CD /* Sources */ = {
			isa = PBXSourcesBuildPhase;
			buildActionMask = 2147483647;
			files = (
				19B8770B9916D6E868EBD84E /* buzz_appTests.swift in Sources */,
			);
			runOnlyForDeploymentPostprocessing = 0;
		};
		D37BD41072B4A5B75E82E613 /* Sources */ = {
			isa = PBXSourcesBuildPhase;
			buildActionMask = 2147483647;
			files = (
				140E4A48155C8421E3C2A688 /* ContentView.swift in Sources */,
				A3DE819642EB419E9FCDE793 /* buzz_appApp.swift in Sources */,
			);
			runOnlyForDeploymentPostprocessing = 0;
		};
/* End PBXSourcesBuildPhase section */

/* Begin PBXTargetDependency section */
		F9CF01F005585A6FBDA11A8B /* PBXTargetDependency */ = {
			isa = PBXTargetDependency;
			target = E4461E07B3A77D9B525A9385 /* buzz-app */;
			targetProxy = F430A69FF778740C93930869 /* PBXContainerItemProxy */;
		};
/* End PBXTargetDependency section */

/* Begin XCBuildConfiguration section */
		2C541B169D9BF4E0E93C1EB2 /* Release */ = {
			isa = XCBuildConfiguration;
			buildSettings = {
				ASSETCATALOG_COMPILER_APPICON_NAME = AppIcon;
				COMBINE_HIDPI_IMAGES = YES;
				INFOPLIST_FILE = "buzz-app/Info.plist";
				LD_RUNPATH_SEARCH_PATHS = (
					"$(inherited)",
					"@executable_path/../Frameworks",
				);
				PRODUCT_BUNDLE_IDENTIFIER = "com.anthony-gufron.buzz-appTests";
				SDKROOT = macosx;
			};
			name = Release;
		};
		433E4B31729F4ABB558261DA /* Debug */ = {
			isa = XCBuildConfiguration;
			buildSettings = {
				BUNDLE_LOADER = "$(TEST_HOST)";
				COMBINE_HIDPI_IMAGES = YES;
				INFOPLIST_FILE = "buzz-app/Info.plist";
				LD_RUNPATH_SEARCH_PATHS = (
					"$(inherited)",
					"@executable_path/../Frameworks",
					"@loader_path/../Frameworks",
				);
				PRODUCT_BUNDLE_IDENTIFIER = "com.anthony-gufron.buzz-appTests";
				SDKROOT = macosx;
				TEST_HOST = "$(BUILT_PRODUCTS_DIR)/buzz-app.app/Contents/MacOS/buzz-app";
			};
			name = Debug;
		};
		5921BBE59A18CCD8C4057882 /* Debug */ = {
			isa = XCBuildConfiguration;
			buildSettings = {
				ALWAYS_SEARCH_USER_PATHS = NO;
				CLANG_ANALYZER_NONNULL = YES;
				CLANG_ANALYZER_NUMBER_OBJECT_CONVERSION = YES_AGGRESSIVE;
				CLANG_CXX_LANGUAGE_STANDARD = "gnu++14";
				CLANG_CXX_LIBRARY = "libc++";
				CLANG_ENABLE_MODULES = YES;
				CLANG_ENABLE_OBJC_ARC = YES;
				CLANG_ENABLE_OBJC_WEAK = YES;
				CLANG_WARN_BLOCK_CAPTURE_AUTORELEASING = YES;
				CLANG_WARN_BOOL_CONVERSION = YES;
				CLANG_WARN_COMMA = YES;
				CLANG_WARN_CONSTANT_CONVERSION = YES;
				CLANG_WARN_DEPRECATED_OBJC_IMPLEMENTATIONS = YES;
				CLANG_WARN_DIRECT_OBJC_ISA_USAGE = YES_ERROR;
				CLANG_WARN_DOCUMENTATION_COMMENTS = YES;
				CLANG_WARN_EMPTY_BODY = YES;
				CLANG_WARN_ENUM_CONVERSION = YES;
				CLANG_WARN_INFINITE_RECURSION = YES;
				CLANG_WARN_INT_CONVERSION = YES;
				CLANG_WARN_NON_LITERAL_NULL_CONVERSION = YES;
				CLANG_WARN_OBJC_IMPLICIT_RETAIN_SELF = YES;
				CLANG_WARN_OBJC_LITERAL_CONVERSION = YES;
				CLANG_WARN_OBJC_ROOT_CLASS = YES_ERROR;
				CLANG_WARN_QUOTED_INCLUDE_IN_FRAMEWORK_HEADER = YES;
				CLANG_WARN_RANGE_LOOP_ANALYSIS = YES;
				CLANG_WARN_STRICT_PROTOTYPES = YES;
				CLANG_WARN_SUSPICIOUS_MOVE = YES;
				CLANG_WARN_UNGUARDED_AVAILABILITY = YES_AGGRESSIVE;
				CLANG_WARN_UNREACHABLE_CODE = YES;
				CLANG_WARN__DUPLICATE_METHOD_MATCH = YES;
				COPY_PHASE_STRIP = NO;
				CURRENT_PROJECT_VERSION = 1;
				DEBUG_INFORMATION_FORMAT = dwarf;
				ENABLE_STRICT_OBJC_MSGSEND = YES;
				ENABLE_TESTABILITY = YES;
				GCC_C_LANGUAGE_STANDARD = gnu11;
				GCC_DYNAMIC_NO_PIC = NO;
				GCC_NO_COMMON_BLOCKS = YES;
				GCC_OPTIMIZATION_LEVEL = 0;
				GCC_PREPROCESSOR_DEFINITIONS = (
					"$(inherited)",
					"DEBUG=1",
				);
				GCC_WARN_64_TO_32_BIT_CONVERSION = YES;
				GCC_WARN_ABOUT_RETURN_TYPE = YES_ERROR;
				GCC_WARN_UNDECLARED_SELECTOR = YES;
				GCC_WARN_UNINITIALIZED_AUTOS = YES_AGGRESSIVE;
				GCC_WARN_UNUSED_FUNCTION = YES;
				GCC_WARN_UNUSED_VARIABLE = YES;
				MARKETING_VERSION = 1.0;
				MTL_ENABLE_DEBUG_INFO = INCLUDE_SOURCE;
				MTL_FAST_MATH = YES;
				ONLY_ACTIVE_ARCH = YES;
				PRODUCT_NAME = "$(TARGET_NAME)";
				SDKROOT = macosx;
				SWIFT_ACTIVE_COMPILATION_CONDITIONS = DEBUG;
				SWIFT_OPTIMIZATION_LEVEL = "-Onone";
				SWIFT_VERSION = 5.0;
			};
			name = Debug;
		};
		8663349080A123B0D9C6B563 /* Release */ = {
			isa = XCBuildConfiguration;
			buildSettings = {
				ALWAYS_SEARCH_USER_PATHS = NO;
				CLANG_ANALYZER_NONNULL = YES;
				CLANG_ANALYZER_NUMBER_OBJECT_CONVERSION = YES_AGGRESSIVE;
				CLANG_CXX_LANGUAGE_STANDARD = "gnu++14";
				CLANG_CXX_LIBRARY = "libc++";
				CLANG_ENABLE_MODULES = YES;
				CLANG_ENABLE_OBJC_ARC = YES;
				CLANG_ENABLE_OBJC_WEAK = YES;
				CLANG_WARN_BLOCK_CAPTURE_AUTORELEASING = YES;
				CLANG_WARN_BOOL_CONVERSION = YES;
				CLANG_WARN_COMMA = YES;
				CLANG_WARN_CONSTANT_CONVERSION = YES;
				CLANG_WARN_DEPRECATED_OBJC_IMPLEMENTATIONS = YES;
				CLANG_WARN_DIRECT_OBJC_ISA_USAGE = YES_ERROR;
				CLANG_WARN_DOCUMENTATION_COMMENTS = YES;
				CLANG_WARN_EMPTY_BODY = YES;
				CLANG_WARN_ENUM_CONVERSION = YES;
				CLANG_WARN_INFINITE_RECURSION = YES;
				CLANG_WARN_INT_CONVERSION = YES;
				CLANG_WARN_NON_LITERAL_NULL_CONVERSION = YES;
				CLANG_WARN_OBJC_IMPLICIT_RETAIN_SELF = YES;
				CLANG_WARN_OBJC_LITERAL_CONVERSION = YES;
				CLANG_WARN_OBJC_ROOT_CLASS = YES_ERROR;
				CLANG_WARN_QUOTED_INCLUDE_IN_FRAMEWORK_HEADER = YES;
				CLANG_WARN_RANGE_LOOP_ANALYSIS = YES;
				CLANG_WARN_STRICT_PROTOTYPES = YES;
				CLANG_WARN_SUSPICIOUS_MOVE = YES;
				CLANG_WARN_UNGUARDED_AVAILABILITY = YES_AGGRESSIVE;
				CLANG_WARN_UNREACHABLE_CODE = YES;
				CLANG_WARN__DUPLICATE_METHOD_MATCH = YES;
				COPY_PHASE_STRIP = NO;
				CURRENT_PROJECT_VERSION = 1;
				DEBUG_INFORMATION_FORMAT = "dwarf-with-dsym";
				ENABLE_NS_ASSERTIONS = NO;
				ENABLE_STRICT_OBJC_MSGSEND = YES;
				GCC_C_LANGUAGE_STANDARD = gnu11;
				GCC_NO_COMMON_BLOCKS = YES;
				GCC_WARN_64_TO_32_BIT_CONVERSION = YES;
				GCC_WARN_ABOUT_RETURN_TYPE = YES_ERROR;
				GCC_WARN_UNDECLARED_SELECTOR = YES;
				GCC_WARN_UNINITIALIZED_AUTOS = YES_AGGRESSIVE;
				GCC_WARN_UNUSED_FUNCTION = YES;
				GCC_WARN_UNUSED_VARIABLE = YES;
				MARKETING_VERSION = 1.0;
				MTL_ENABLE_DEBUG_INFO = NO;
				MTL_FAST_MATH = YES;
				PRODUCT_NAME = "$(TARGET_NAME)";
				SDKROOT = macosx;
				SWIFT_COMPILATION_MODE = wholemodule;
				SWIFT_OPTIMIZATION_LEVEL = "-O";
				SWIFT_VERSION = 5.0;
			};
			name = Release;
		};
		DB2E43E3485A370414EDE42A /* Debug */ = {
			isa = XCBuildConfiguration;
			buildSettings = {
				ASSETCATALOG_COMPILER_APPICON_NAME = AppIcon;
				COMBINE_HIDPI_IMAGES = YES;
				INFOPLIST_FILE = "buzz-app/Info.plist";
				LD_RUNPATH_SEARCH_PATHS = (
					"$(inherited)",
					"@executable_path/../Frameworks",
				);
				PRODUCT_BUNDLE_IDENTIFIER = "com.anthony-gufron.buzz-appTests";
				SDKROOT = macosx;
			};
			name = Debug;
		};
		FC78D6BF27B103773A2FDA53 /* Release */ = {
			isa = XCBuildConfiguration;
			buildSettings = {
				BUNDLE_LOADER = "$(TEST_HOST)";
				COMBINE_HIDPI_IMAGES = YES;
				INFOPLIST_FILE = "buzz-app/Info.plist";
				LD_RUNPATH_SEARCH_PATHS = (
					"$(inherited)",
					"@executable_path/../Frameworks",
					"@loader_path/../Frameworks",
				);
				PRODUCT_BUNDLE_IDENTIFIER = "com.anthony-gufron.buzz-appTests";
				SDKROOT = macosx;
				TEST_HOST = "$(BUILT_PRODUCTS_DIR)/buzz-app.app/Contents/MacOS/buzz-app";
			};
			name = Release;
		};
/* End XCBuildConfiguration section */

/* Begin XCConfigurationList section */
		A73F09FB19FA4C58870ED8AF /* Build configuration list for PBXNativeTarget "buzz-app" */ = {
			isa = XCConfigurationList;
			buildConfigurations = (
				DB2E43E3485A370414EDE42A /* Debug */,
				2C541B169D9BF4E0E93C1EB2 /* Release */,
			);
			defaultConfigurationIsVisible = 0;
			defaultConfigurationName = Debug;
		};
		D9664457FE2C38F707BED8CE /* Build configuration list for PBXProject "buzz-app" */ = {
			isa = XCConfigurationList;
			buildConfigurations = (
				5921BBE59A18CCD8C4057882 /* Debug */,
				8663349080A123B0D9C6B563 /* Release */,
			);
			defaultConfigurationIsVisible = 0;
			defaultConfigurationName = Debug;
		};
		F42AFA60475AAA1AD5B72105 /* Build configuration list for PBXNativeTarget "buzz-appTests" */ = {
			isa = XCConfigurationList;
			buildConfigurations = (
				433E4B31729F4ABB558261DA /* Debug */,
				FC78D6BF27B103773A2FDA53 /* Release */,
			);
			defaultConfigurationIsVisible = 0;
			defaultConfigurationName = Debug;
		};
/* End XCConfigurationList section */
	};
	rootObject = 6B61BE0A0310536038EEC54E /* Project object */;
}
